// !$*UTF8*$!
{
	archiveVersion = 1;
	classes = {
	};
	objectVersion = 50;
	objects = {

/* Begin PBXBuildFile section */
		A624CD2723F07BB400DF8339 /* AudioRecorder.swift in Sources */ = {isa = PBXBuildFile; fileRef = A624CD2623F07BB400DF8339 /* AudioRecorder.swift */; };
		A6585D8923F133F400D3E758 /* FileManager+Extensions.swift in Sources */ = {isa = PBXBuildFile; fileRef = A6585D8823F133F400D3E758 /* FileManager+Extensions.swift */; };
		A6585D8B23F147C600D3E758 /* RecordingPermissions.swift in Sources */ = {isa = PBXBuildFile; fileRef = A6585D8A23F147C600D3E758 /* RecordingPermissions.swift */; };
		A6585D8D23F1579900D3E758 /* Date+Extensions.swift in Sources */ = {isa = PBXBuildFile; fileRef = A6585D8C23F1579900D3E758 /* Date+Extensions.swift */; };
		A6585D8F23F157DF00D3E758 /* UserNotificationsPermissions.swift in Sources */ = {isa = PBXBuildFile; fileRef = A6585D8E23F157DF00D3E758 /* UserNotificationsPermissions.swift */; };
		A67888FA23F16ECA008B79F9 /* DateFormatter+Extensions.swift in Sources */ = {isa = PBXBuildFile; fileRef = A67888F923F16ECA008B79F9 /* DateFormatter+Extensions.swift */; };
		A686E7B123EFFD4300F50DC0 /* Settings.swift in Sources */ = {isa = PBXBuildFile; fileRef = A686E7B023EFFD4300F50DC0 /* Settings.swift */; };
		A686E7BB23F0157200F50DC0 /* TimePickerViewController.swift in Sources */ = {isa = PBXBuildFile; fileRef = A686E7BA23F0157200F50DC0 /* TimePickerViewController.swift */; };
		A686E7BD23F015B800F50DC0 /* TimePickerViewController.storyboard in Resources */ = {isa = PBXBuildFile; fileRef = A686E7BC23F015B800F50DC0 /* TimePickerViewController.storyboard */; };
		A686E7C123F0318D00F50DC0 /* UIViewController+Extensions.swift in Sources */ = {isa = PBXBuildFile; fileRef = A686E7C023F0318D00F50DC0 /* UIViewController+Extensions.swift */; };
		A686E7C523F0531000F50DC0 /* AudioPlayer.swift in Sources */ = {isa = PBXBuildFile; fileRef = A686E7C423F0531000F50DC0 /* AudioPlayer.swift */; };
		A6B0323E23EF38BA00E05C16 /* AppDelegate.swift in Sources */ = {isa = PBXBuildFile; fileRef = A6B0323D23EF38BA00E05C16 /* AppDelegate.swift */; };
		A6B0324523EF38BA00E05C16 /* Main.storyboard in Resources */ = {isa = PBXBuildFile; fileRef = A6B0324323EF38BA00E05C16 /* Main.storyboard */; };
		A6B0324723EF38BC00E05C16 /* Assets.xcassets in Resources */ = {isa = PBXBuildFile; fileRef = A6B0324623EF38BC00E05C16 /* Assets.xcassets */; };
		A6B0324A23EF38BC00E05C16 /* LaunchScreen.storyboard in Resources */ = {isa = PBXBuildFile; fileRef = A6B0324823EF38BC00E05C16 /* LaunchScreen.storyboard */; };
		A6B0325623EF3C2B00E05C16 /* MainViewController.swift in Sources */ = {isa = PBXBuildFile; fileRef = A6B0325523EF3C2B00E05C16 /* MainViewController.swift */; };
		A6F0703123F18E7300CE0568 /* UserNotificationsManager.swift in Sources */ = {isa = PBXBuildFile; fileRef = A6F0703023F18E7300CE0568 /* UserNotificationsManager.swift */; };
		A6F0703323F1A7BC00CE0568 /* sound.caf in Resources */ = {isa = PBXBuildFile; fileRef = A6F0703223F1A7B900CE0568 /* sound.caf */; };
/* End PBXBuildFile section */

/* Begin PBXFileReference section */
		A624CD2623F07BB400DF8339 /* AudioRecorder.swift */ = {isa = PBXFileReference; lastKnownFileType = sourcecode.swift; path = AudioRecorder.swift; sourceTree = "<group>"; };
		A647E22123EFD65300FDD84A /* Info.plist */ = {isa = PBXFileReference; fileEncoding = 4; lastKnownFileType = text.plist.xml; path = Info.plist; sourceTree = "<group>"; };
		A6585D8823F133F400D3E758 /* FileManager+Extensions.swift */ = {isa = PBXFileReference; lastKnownFileType = sourcecode.swift; path = "FileManager+Extensions.swift"; sourceTree = "<group>"; };
		A6585D8A23F147C600D3E758 /* RecordingPermissions.swift */ = {isa = PBXFileReference; lastKnownFileType = sourcecode.swift; path = RecordingPermissions.swift; sourceTree = "<group>"; };
		A6585D8C23F1579900D3E758 /* Date+Extensions.swift */ = {isa = PBXFileReference; lastKnownFileType = sourcecode.swift; path = "Date+Extensions.swift"; sourceTree = "<group>"; };
		A6585D8E23F157DF00D3E758 /* UserNotificationsPermissions.swift */ = {isa = PBXFileReference; lastKnownFileType = sourcecode.swift; path = UserNotificationsPermissions.swift; sourceTree = "<group>"; };
		A67888F923F16ECA008B79F9 /* DateFormatter+Extensions.swift */ = {isa = PBXFileReference; lastKnownFileType = sourcecode.swift; path = "DateFormatter+Extensions.swift"; sourceTree = "<group>"; };
		A686E7B023EFFD4300F50DC0 /* Settings.swift */ = {isa = PBXFileReference; lastKnownFileType = sourcecode.swift; path = Settings.swift; sourceTree = "<group>"; };
		A686E7BA23F0157200F50DC0 /* TimePickerViewController.swift */ = {isa = PBXFileReference; lastKnownFileType = sourcecode.swift; path = TimePickerViewController.swift; sourceTree = "<group>"; };
		A686E7BC23F015B800F50DC0 /* TimePickerViewController.storyboard */ = {isa = PBXFileReference; lastKnownFileType = file.storyboard; path = TimePickerViewController.storyboard; sourceTree = "<group>"; };
		A686E7C023F0318D00F50DC0 /* UIViewController+Extensions.swift */ = {isa = PBXFileReference; lastKnownFileType = sourcecode.swift; path = "UIViewController+Extensions.swift"; sourceTree = "<group>"; };
		A686E7C423F0531000F50DC0 /* AudioPlayer.swift */ = {isa = PBXFileReference; lastKnownFileType = sourcecode.swift; path = AudioPlayer.swift; sourceTree = "<group>"; };
		A6B0323A23EF38BA00E05C16 /* AudioLab.app */ = {isa = PBXFileReference; explicitFileType = wrapper.application; includeInIndex = 0; path = AudioLab.app; sourceTree = BUILT_PRODUCTS_DIR; };
		A6B0323D23EF38BA00E05C16 /* AppDelegate.swift */ = {isa = PBXFileReference; lastKnownFileType = sourcecode.swift; path = AppDelegate.swift; sourceTree = "<group>"; };
		A6B0324423EF38BA00E05C16 /* Base */ = {isa = PBXFileReference; lastKnownFileType = file.storyboard; name = Base; path = Base.lproj/Main.storyboard; sourceTree = "<group>"; };
		A6B0324623EF38BC00E05C16 /* Assets.xcassets */ = {isa = PBXFileReference; lastKnownFileType = folder.assetcatalog; path = Assets.xcassets; sourceTree = "<group>"; };
		A6B0324923EF38BC00E05C16 /* Base */ = {isa = PBXFileReference; lastKnownFileType = file.storyboard; name = Base; path = Base.lproj/LaunchScreen.storyboard; sourceTree = "<group>"; };
		A6B0325523EF3C2B00E05C16 /* MainViewController.swift */ = {isa = PBXFileReference; fileEncoding = 4; lastKnownFileType = sourcecode.swift; path = MainViewController.swift; sourceTree = "<group>"; };
		A6F0703023F18E7300CE0568 /* UserNotificationsManager.swift */ = {isa = PBXFileReference; lastKnownFileType = sourcecode.swift; path = UserNotificationsManager.swift; sourceTree = "<group>"; };
		A6F0703223F1A7B900CE0568 /* sound.caf */ = {isa = PBXFileReference; lastKnownFileType = file; path = sound.caf; sourceTree = "<group>"; };
/* End PBXFileReference section */

/* Begin PBXFrameworksBuildPhase section */
		A6B0323723EF38BA00E05C16 /* Frameworks */ = {
			isa = PBXFrameworksBuildPhase;
			buildActionMask = 2147483647;
			files = (
			);
			runOnlyForDeploymentPostprocessing = 0;
		};
/* End PBXFrameworksBuildPhase section */

/* Begin PBXGroup section */
		A686E7AF23EFFD3600F50DC0 /* Settings */ = {
			isa = PBXGroup;
			children = (
				A686E7B023EFFD4300F50DC0 /* Settings.swift */,
			);
			path = Settings;
			sourceTree = "<group>";
		};
		A686E7BE23F01FD300F50DC0 /* Extensions */ = {
			isa = PBXGroup;
			children = (
				A686E7C023F0318D00F50DC0 /* UIViewController+Extensions.swift */,
				A6585D8823F133F400D3E758 /* FileManager+Extensions.swift */,
				A6585D8C23F1579900D3E758 /* Date+Extensions.swift */,
				A67888F923F16ECA008B79F9 /* DateFormatter+Extensions.swift */,
			);
			path = Extensions;
			sourceTree = "<group>";
		};
		A686E7C323F052F200F50DC0 /* Utilities */ = {
			isa = PBXGroup;
			children = (
				A686E7C423F0531000F50DC0 /* AudioPlayer.swift */,
				A624CD2623F07BB400DF8339 /* AudioRecorder.swift */,
				A6585D8A23F147C600D3E758 /* RecordingPermissions.swift */,
				A6585D8E23F157DF00D3E758 /* UserNotificationsPermissions.swift */,
				A6F0703023F18E7300CE0568 /* UserNotificationsManager.swift */,
			);
			path = Utilities;
			sourceTree = "<group>";
		};
		A6B0323123EF38BA00E05C16 = {
			isa = PBXGroup;
			children = (
				A6B0323C23EF38BA00E05C16 /* AudioLab */,
				A6B0323B23EF38BA00E05C16 /* Products */,
			);
			sourceTree = "<group>";
		};
		A6B0323B23EF38BA00E05C16 /* Products */ = {
			isa = PBXGroup;
			children = (
				A6B0323A23EF38BA00E05C16 /* AudioLab.app */,
			);
			name = Products;
			sourceTree = "<group>";
		};
		A6B0323C23EF38BA00E05C16 /* AudioLab */ = {
			isa = PBXGroup;
			children = (
				A686E7C323F052F200F50DC0 /* Utilities */,
				A686E7BE23F01FD300F50DC0 /* Extensions */,
				A686E7AF23EFFD3600F50DC0 /* Settings */,
				A6B0325223EF3A8700E05C16 /* ViewControllers */,
				A6B0325323EF3A9900E05C16 /* Storyboards */,
				A6B0325123EF3A4B00E05C16 /* Resources */,
				A6B0325423EF3ABA00E05C16 /* Supporting Files */,
				A6B0323D23EF38BA00E05C16 /* AppDelegate.swift */,
			);
			path = AudioLab;
			sourceTree = "<group>";
		};
		A6B0325123EF3A4B00E05C16 /* Resources */ = {
			isa = PBXGroup;
			children = (
				A6B0324623EF38BC00E05C16 /* Assets.xcassets */,
			);
			path = Resources;
			sourceTree = "<group>";
		};
		A6B0325223EF3A8700E05C16 /* ViewControllers */ = {
			isa = PBXGroup;
			children = (
				A6B0325523EF3C2B00E05C16 /* MainViewController.swift */,
				A686E7BA23F0157200F50DC0 /* TimePickerViewController.swift */,
			);
			path = ViewControllers;
			sourceTree = "<group>";
		};
		A6B0325323EF3A9900E05C16 /* Storyboards */ = {
			isa = PBXGroup;
			children = (
				A6B0324323EF38BA00E05C16 /* Main.storyboard */,
				A6B0324823EF38BC00E05C16 /* LaunchScreen.storyboard */,
				A686E7BC23F015B800F50DC0 /* TimePickerViewController.storyboard */,
			);
			path = Storyboards;
			sourceTree = "<group>";
		};
		A6B0325423EF3ABA00E05C16 /* Supporting Files */ = {
			isa = PBXGroup;
			children = (
				A6F0703223F1A7B900CE0568 /* sound.caf */,
				A647E22123EFD65300FDD84A /* Info.plist */,
			);
			path = "Supporting Files";
			sourceTree = "<group>";
		};
/* End PBXGroup section */

/* Begin PBXNativeTarget section */
		A6B0323923EF38BA00E05C16 /* AudioLab */ = {
			isa = PBXNativeTarget;
			buildConfigurationList = A6B0324E23EF38BC00E05C16 /* Build configuration list for PBXNativeTarget "AudioLab" */;
			buildPhases = (
				A6B0323623EF38BA00E05C16 /* Sources */,
				A6B0323723EF38BA00E05C16 /* Frameworks */,
				A6B0323823EF38BA00E05C16 /* Resources */,
			);
			buildRules = (
			);
			dependencies = (
			);
			name = AudioLab;
			productName = AudioLab;
			productReference = A6B0323A23EF38BA00E05C16 /* AudioLab.app */;
			productType = "com.apple.product-type.application";
		};
/* End PBXNativeTarget section */

/* Begin PBXProject section */
		A6B0323223EF38BA00E05C16 /* Project object */ = {
			isa = PBXProject;
			attributes = {
				LastSwiftUpdateCheck = 1130;
				LastUpgradeCheck = 1130;
				ORGANIZATIONNAME = "Dmytro Lehkyi";
				TargetAttributes = {
					A6B0323923EF38BA00E05C16 = {
						CreatedOnToolsVersion = 11.3.1;
					};
				};
			};
			buildConfigurationList = A6B0323523EF38BA00E05C16 /* Build configuration list for PBXProject "AudioLab" */;
			compatibilityVersion = "Xcode 9.3";
			developmentRegion = en;
			hasScannedForEncodings = 0;
			knownRegions = (
				en,
				Base,
			);
			mainGroup = A6B0323123EF38BA00E05C16;
			productRefGroup = A6B0323B23EF38BA00E05C16 /* Products */;
			projectDirPath = "";
			projectRoot = "";
			targets = (
				A6B0323923EF38BA00E05C16 /* AudioLab */,
			);
		};
/* End PBXProject section */

/* Begin PBXResourcesBuildPhase section */
		A6B0323823EF38BA00E05C16 /* Resources */ = {
			isa = PBXResourcesBuildPhase;
			buildActionMask = 2147483647;
			files = (
				A686E7BD23F015B800F50DC0 /* TimePickerViewController.storyboard in Resources */,
				A6B0324A23EF38BC00E05C16 /* LaunchScreen.storyboard in Resources */,
				A6F0703323F1A7BC00CE0568 /* sound.caf in Resources */,
				A6B0324723EF38BC00E05C16 /* Assets.xcassets in Resources */,
				A6B0324523EF38BA00E05C16 /* Main.storyboard in Resources */,
			);
			runOnlyForDeploymentPostprocessing = 0;
		};
/* End PBXResourcesBuildPhase section */

/* Begin PBXSourcesBuildPhase section */
		A6B0323623EF38BA00E05C16 /* Sources */ = {
			isa = PBXSourcesBuildPhase;
			buildActionMask = 2147483647;
			files = (
				A624CD2723F07BB400DF8339 /* AudioRecorder.swift in Sources */,
				A6B0325623EF3C2B00E05C16 /* MainViewController.swift in Sources */,
				A67888FA23F16ECA008B79F9 /* DateFormatter+Extensions.swift in Sources */,
				A6B0323E23EF38BA00E05C16 /* AppDelegate.swift in Sources */,
				A686E7C523F0531000F50DC0 /* AudioPlayer.swift in Sources */,
				A6585D8F23F157DF00D3E758 /* UserNotificationsPermissions.swift in Sources */,
				A6585D8D23F1579900D3E758 /* Date+Extensions.swift in Sources */,
				A686E7C123F0318D00F50DC0 /* UIViewController+Extensions.swift in Sources */,
				A6585D8B23F147C600D3E758 /* RecordingPermissions.swift in Sources */,
				A686E7BB23F0157200F50DC0 /* TimePickerViewController.swift in Sources */,
				A6F0703123F18E7300CE0568 /* UserNotificationsManager.swift in Sources */,
				A6585D8923F133F400D3E758 /* FileManager+Extensions.swift in Sources */,
				A686E7B123EFFD4300F50DC0 /* Settings.swift in Sources */,
			);
			runOnlyForDeploymentPostprocessing = 0;
		};
/* End PBXSourcesBuildPhase section */

/* Begin PBXVariantGroup section */
		A6B0324323EF38BA00E05C16 /* Main.storyboard */ = {
			isa = PBXVariantGroup;
			children = (
				A6B0324423EF38BA00E05C16 /* Base */,
			);
			name = Main.storyboard;
			sourceTree = "<group>";
		};
		A6B0324823EF38BC00E05C16 /* LaunchScreen.storyboard */ = {
			isa = PBXVariantGroup;
			children = (
				A6B0324923EF38BC00E05C16 /* Base */,
			);
			name = LaunchScreen.storyboard;
			sourceTree = "<group>";
		};
/* End PBXVariantGroup section */

/* Begin XCBuildConfiguration section */
		A6B0324C23EF38BC00E05C16 /* Debug */ = {
			isa = XCBuildConfiguration;
			buildSettings = {
				ALWAYS_SEARCH_USER_PATHS = NO;
				CLANG_ANALYZER_NONNULL = YES;
				CLANG_ANALYZER_NUMBER_OBJECT_CONVERSION = YES_AGGRESSIVE;
				CLANG_CXX_LANGUAGE_STANDARD = "gnu++14";
				CLANG_CXX_LIBRARY = "libc++";
				CLANG_ENABLE_MODULES = YES;
				CLANG_ENABLE_OBJC_ARC = YES;
				CLANG_ENABLE_OBJC_WEAK = YES;
				CLANG_WARN_BLOCK_CAPTURE_AUTORELEASING = YES;
				CLANG_WARN_BOOL_CONVERSION = YES;
				CLANG_WARN_COMMA = YES;
				CLANG_WARN_CONSTANT_CONVERSION = YES;
				CLANG_WARN_DEPRECATED_OBJC_IMPLEMENTATIONS = YES;
				CLANG_WARN_DIRECT_OBJC_ISA_USAGE = YES_ERROR;
				CLANG_WARN_DOCUMENTATION_COMMENTS = YES;
				CLANG_WARN_EMPTY_BODY = YES;
				CLANG_WARN_ENUM_CONVERSION = YES;
				CLANG_WARN_INFINITE_RECURSION = YES;
				CLANG_WARN_INT_CONVERSION = YES;
				CLANG_WARN_NON_LITERAL_NULL_CONVERSION = YES;
				CLANG_WARN_OBJC_IMPLICIT_RETAIN_SELF = YES;
				CLANG_WARN_OBJC_LITERAL_CONVERSION = YES;
				CLANG_WARN_OBJC_ROOT_CLASS = YES_ERROR;
				CLANG_WARN_RANGE_LOOP_ANALYSIS = YES;
				CLANG_WARN_STRICT_PROTOTYPES = YES;
				CLANG_WARN_SUSPICIOUS_MOVE = YES;
				CLANG_WARN_UNGUARDED_AVAILABILITY = YES_AGGRESSIVE;
				CLANG_WARN_UNREACHABLE_CODE = YES;
				CLANG_WARN__DUPLICATE_METHOD_MATCH = YES;
				COPY_PHASE_STRIP = NO;
				DEBUG_INFORMATION_FORMAT = dwarf;
				ENABLE_STRICT_OBJC_MSGSEND = YES;
				ENABLE_TESTABILITY = YES;
				GCC_C_LANGUAGE_STANDARD = gnu11;
				GCC_DYNAMIC_NO_PIC = NO;
				GCC_NO_COMMON_BLOCKS = YES;
				GCC_OPTIMIZATION_LEVEL = 0;
				GCC_PREPROCESSOR_DEFINITIONS = (
					"DEBUG=1",
					"$(inherited)",
				);
				GCC_WARN_64_TO_32_BIT_CONVERSION = YES;
				GCC_WARN_ABOUT_RETURN_TYPE = YES_ERROR;
				GCC_WARN_UNDECLARED_SELECTOR = YES;
				GCC_WARN_UNINITIALIZED_AUTOS = YES_AGGRESSIVE;
				GCC_WARN_UNUSED_FUNCTION = YES;
				GCC_WARN_UNUSED_VARIABLE = YES;
				IPHONEOS_DEPLOYMENT_TARGET = 13.2;
				MTL_ENABLE_DEBUG_INFO = INCLUDE_SOURCE;
				MTL_FAST_MATH = YES;
				ONLY_ACTIVE_ARCH = YES;
				SDKROOT = iphoneos;
				SWIFT_ACTIVE_COMPILATION_CONDITIONS = DEBUG;
				SWIFT_OPTIMIZATION_LEVEL = "-Onone";
			};
			name = Debug;
		};
		A6B0324D23EF38BC00E05C16 /* Release */ = {
			isa = XCBuildConfiguration;
			buildSettings = {
				ALWAYS_SEARCH_USER_PATHS = NO;
				CLANG_ANALYZER_NONNULL = YES;
				CLANG_ANALYZER_NUMBER_OBJECT_CONVERSION = YES_AGGRESSIVE;
				CLANG_CXX_LANGUAGE_STANDARD = "gnu++14";
				CLANG_CXX_LIBRARY = "libc++";
				CLANG_ENABLE_MODULES = YES;
				CLANG_ENABLE_OBJC_ARC = YES;
				CLANG_ENABLE_OBJC_WEAK = YES;
				CLANG_WARN_BLOCK_CAPTURE_AUTORELEASING = YES;
				CLANG_WARN_BOOL_CONVERSION = YES;
				CLANG_WARN_COMMA = YES;
				CLANG_WARN_CONSTANT_CONVERSION = YES;
				CLANG_WARN_DEPRECATED_OBJC_IMPLEMENTATIONS = YES;
				CLANG_WARN_DIRECT_OBJC_ISA_USAGE = YES_ERROR;
				CLANG_WARN_DOCUMENTATION_COMMENTS = YES;
				CLANG_WARN_EMPTY_BODY = YES;
				CLANG_WARN_ENUM_CONVERSION = YES;
				CLANG_WARN_INFINITE_RECURSION = YES;
				CLANG_WARN_INT_CONVERSION = YES;
				CLANG_WARN_NON_LITERAL_NULL_CONVERSION = YES;
				CLANG_WARN_OBJC_IMPLICIT_RETAIN_SELF = YES;
				CLANG_WARN_OBJC_LITERAL_CONVERSION = YES;
				CLANG_WARN_OBJC_ROOT_CLASS = YES_ERROR;
				CLANG_WARN_RANGE_LOOP_ANALYSIS = YES;
				CLANG_WARN_STRICT_PROTOTYPES = YES;
				CLANG_WARN_SUSPICIOUS_MOVE = YES;
				CLANG_WARN_UNGUARDED_AVAILABILITY = YES_AGGRESSIVE;
				CLANG_WARN_UNREACHABLE_CODE = YES;
				CLANG_WARN__DUPLICATE_METHOD_MATCH = YES;
				COPY_PHASE_STRIP = NO;
				DEBUG_INFORMATION_FORMAT = "dwarf-with-dsym";
				ENABLE_NS_ASSERTIONS = NO;
				ENABLE_STRICT_OBJC_MSGSEND = YES;
				GCC_C_LANGUAGE_STANDARD = gnu11;
				GCC_NO_COMMON_BLOCKS = YES;
				GCC_WARN_64_TO_32_BIT_CONVERSION = YES;
				GCC_WARN_ABOUT_RETURN_TYPE = YES_ERROR;
				GCC_WARN_UNDECLARED_SELECTOR = YES;
				GCC_WARN_UNINITIALIZED_AUTOS = YES_AGGRESSIVE;
				GCC_WARN_UNUSED_FUNCTION = YES;
				GCC_WARN_UNUSED_VARIABLE = YES;
				IPHONEOS_DEPLOYMENT_TARGET = 13.2;
				MTL_ENABLE_DEBUG_INFO = NO;
				MTL_FAST_MATH = YES;
				SDKROOT = iphoneos;
				SWIFT_COMPILATION_MODE = wholemodule;
				SWIFT_OPTIMIZATION_LEVEL = "-O";
				VALIDATE_PRODUCT = YES;
			};
			name = Release;
		};
		A6B0324F23EF38BC00E05C16 /* Debug */ = {
			isa = XCBuildConfiguration;
			buildSettings = {
				ASSETCATALOG_COMPILER_APPICON_NAME = AppIcon;
				CODE_SIGN_STYLE = Automatic;
				DEVELOPMENT_TEAM = VSZ685A5CJ;
				INFOPLIST_FILE = "AudioLab/Supporting Files/Info.plist";
				IPHONEOS_DEPLOYMENT_TARGET = 13.2;
				LD_RUNPATH_SEARCH_PATHS = (
					"$(inherited)",
					"@executable_path/Frameworks",
				);
				PRODUCT_BUNDLE_IDENTIFIER = home.AudioLab;
				PRODUCT_NAME = "$(TARGET_NAME)";
				SWIFT_VERSION = 5.0;
				TARGETED_DEVICE_FAMILY = 1;
			};
			name = Debug;
		};
		A6B0325023EF38BC00E05C16 /* Release */ = {
			isa = XCBuildConfiguration;
			buildSettings = {
				ASSETCATALOG_COMPILER_APPICON_NAME = AppIcon;
				CODE_SIGN_STYLE = Automatic;
				DEVELOPMENT_TEAM = VSZ685A5CJ;
				INFOPLIST_FILE = "AudioLab/Supporting Files/Info.plist";
				IPHONEOS_DEPLOYMENT_TARGET = 13.2;
				LD_RUNPATH_SEARCH_PATHS = (
					"$(inherited)",
					"@executable_path/Frameworks",
				);
				PRODUCT_BUNDLE_IDENTIFIER = home.AudioLab;
				PRODUCT_NAME = "$(TARGET_NAME)";
				SWIFT_VERSION = 5.0;
				TARGETED_DEVICE_FAMILY = 1;
			};
			name = Release;
		};
/* End XCBuildConfiguration section */

/* Begin XCConfigurationList section */
		A6B0323523EF38BA00E05C16 /* Build configuration list for PBXProject "AudioLab" */ = {
			isa = XCConfigurationList;
			buildConfigurations = (
				A6B0324C23EF38BC00E05C16 /* Debug */,
				A6B0324D23EF38BC00E05C16 /* Release */,
			);
			defaultConfigurationIsVisible = 0;
			defaultConfigurationName = Release;
		};
		A6B0324E23EF38BC00E05C16 /* Build configuration list for PBXNativeTarget "AudioLab" */ = {
			isa = XCConfigurationList;
			buildConfigurations = (
				A6B0324F23EF38BC00E05C16 /* Debug */,
				A6B0325023EF38BC00E05C16 /* Release */,
			);
			defaultConfigurationIsVisible = 0;
			defaultConfigurationName = Release;
		};
/* End XCConfigurationList section */
	};
	rootObject = A6B0323223EF38BA00E05C16 /* Project object */;
}
